# THIS IS AN AUTOGENERATED FILE. DO NOT EDIT THIS FILE DIRECTLY.
# yarn lockfile v1


"@tanstack/query-core@5.32.0":
  version "5.32.0"
  resolved "https://registry.yarnpkg.com/@tanstack/query-core/-/query-core-5.32.0.tgz#e097ec2b394a2f64de33c98cd8baf3525c99641a"
  integrity sha512-Z3flEgCat55DRXU5UMwYU1U+DgFZKA3iufyOKs+II7iRAo0uXkeU7PH5e6sOH1CGEag0IpKmZxlUFpCg6roSKw==

"@tanstack/react-query@^5.32.0":
  version "5.32.0"
  resolved "https://registry.yarnpkg.com/@tanstack/react-query/-/react-query-5.32.0.tgz#52d441e7ad2a0098dc426f3834f68150c13f265b"
  integrity sha512-+E3UudQtarnx9A6xhpgMZapyF+aJfNBGFMgI459FnduEZqT/9KhOWnMOneZahLRt52yzskSA0AuOyLkXHK0yBA==
  dependencies:
    "@tanstack/query-core" "5.32.0"
